
Microsoft Visual Studio Solution File, Format Version 12.00
# Visual Studio Version 16
VisualStudioVersion = 16.0.29911.84
MinimumVisualStudioVersion = 10.0.40219.1
Project("{FAE04EC0-301F-11D3-BF4B-00C04F79EFBC}") = "GyF.net", "GyF.net\GyF.net.csproj", "{57CEF15E-6E86-48BC-9497-F476BC1D73A3}"
EndProject
Global
	GlobalSection(SolutionConfigurationPlatforms) = preSolution
		Debug|Any CPU = Debug|Any CPU
		Release|Any CPU = Release|Any CPU
	EndGlobalSection
	GlobalSection(ProjectConfigurationPlatforms) = postSolution
		{57CEF15E-6E86-48BC-9497-F476BC1D73A3}.Debug|Any CPU.ActiveCfg = Debug|Any CPU
		{57CEF15E-6E86-48BC-9497-F476BC1D73A3}.Debug|Any CPU.Build.0 = Debug|Any CPU
		{57CEF15E-6E86-48BC-9497-F476BC1D73A3}.Release|Any CPU.ActiveCfg = Release|Any CPU
		{57CEF15E-6E86-48BC-9497-F476BC1D73A3}.Release|Any CPU.Build.0 = Release|Any CPU
	EndGlobalSection
	GlobalSection(SolutionProperties) = preSolution
		HideSolutionNode = FALSE
	EndGlobalSection
	GlobalSection(ExtensibilityGlobals) = postSolution
		SolutionGuid = {4EAB7338-7B8C-4CDD-A9BF-C597AACA45B2}
	EndGlobalSection
EndGlobal
